
Microsoft Visual Studio Solution File, Format Version 12.00
# Visual Studio Version 16
VisualStudioVersion = 16.0.30413.136
MinimumVisualStudioVersion = 10.0.40219.1
Project("{9A19103F-16F7-4668-BE54-9A1E7A4F7556}") = "HelloWorld", "HelloWorld.csproj", "{BEE3BABD-3580-4C4B-B6F0-85FA2332C849}"
EndProject
Global
	GlobalSection(SolutionConfigurationPlatforms) = preSolution
		Debug|Any CPU = Debug|Any CPU
		Release|Any CPU = Release|Any CPU
	EndGlobalSection
	GlobalSection(ProjectConfigurationPlatforms) = postSolution
		{BEE3BABD-3580-4C4B-B6F0-85FA2332C849}.Debug|Any CPU.ActiveCfg = Debug|Any CPU
		{BEE3BABD-3580-4C4B-B6F0-85FA2332C849}.Debug|Any CPU.Build.0 = Debug|Any CPU
		{BEE3BABD-3580-4C4B-B6F0-85FA2332C849}.Release|Any CPU.ActiveCfg = Release|Any CPU
		{BEE3BABD-3580-4C4B-B6F0-85FA2332C849}.Release|Any CPU.Build.0 = Release|Any CPU
	EndGlobalSection
	GlobalSection(SolutionProperties) = preSolution
		HideSolutionNode = FALSE
	EndGlobalSection
	GlobalSection(ExtensibilityGlobals) = postSolution
		SolutionGuid = {89287D85-CAC7-4B67-A055-DBE8099EA283}
	EndGlobalSection
EndGlobal
